{
  "version": 4,
  "terraform_version": "1.12.2",
  "serial": 80,
  "lineage": "ea4d08e4-6f60-6493-16b0-39f9cb8b0a18",
  "outputs": {
    "function_url": {
      "value": "https://7cucuf7ztpj5fsdilvkoyvuamm0qrmeo.lambda-url.eu-north-1.on.aws/",
      "type": "string"
    }
  },
  "resources": [
    {
      "mode": "data",
      "type": "archive_file",
      "name": "package_lambda_function_code",
      "provider": "provider[\"registry.terraform.io/hashicorp/archive\"]",
      "instances": [
        {
          "schema_version": 0,
          "attributes": {
            "exclude_symlink_directories": null,
            "excludes": null,
            "id": "6e9cf07970620c171f5ac94999caba7d2faa24c0",
            "output_base64sha256": "fr5i9zR8xjBaJ/CFJYQ3Y3Mz02nZamGxmvaS5WY6BFQ=",
            "output_base64sha512": "ziJkI32ks1HA2a1ehvsbZ0uNNqjXtn7rbNX7XF02jKJUtjBjyNPdBSiYsdgSQAI25En6vgW3BvMgCINf4HPUgw==",
            "output_file_mode": null,
            "output_md5": "936dea31758d14a2d712370e80ceeed3",
            "output_path": "./lambda/packedlambda.zip",
            "output_sha": "6e9cf07970620c171f5ac94999caba7d2faa24c0",
            "output_sha256": "7ebe62f7347cc6305a27f085258437637333d369d96a61b19af692e5663a0454",
            "output_sha512": "ce2264237da4b351c0d9ad5e86fb1b674b8d36a8d7b67eeb6cd5fb5c5d368ca254b63063c8d3dd052898b1d812400236e449fabe05b706f32008835fe073d483",
            "output_size": 456,
            "source": [],
            "source_content": null,
            "source_content_filename": null,
            "source_dir": null,
            "source_file": "./lambda/inc_views.py",
            "type": "zip"
          },
          "sensitive_attributes": [],
          "identity_schema_version": 0
        }
      ]
    },
    {
      "mode": "managed",
      "type": "aws_iam_policy",
      "name": "ddb",
      "provider": "provider[\"registry.terraform.io/hashicorp/aws\"]",
      "instances": [
        {
          "schema_version": 0,
          "attributes": {
            "arn": "arn:aws:iam::587452804828:policy/portfolio-views-lambda-dynamodb",
            "attachment_count": 1,
            "description": "",
            "id": "arn:aws:iam::587452804828:policy/portfolio-views-lambda-dynamodb",
            "name": "portfolio-views-lambda-dynamodb",
            "name_prefix": "",
            "path": "/",
            "policy": "{\"Statement\":[{\"Action\":[\"dynamodb:UpdateItem\",\"dynamodb:DescribeTable\"],\"Effect\":\"Allow\",\"Resource\":\"arn:aws:dynamodb:eu-north-1:587452804828:table/PortfolioTable\"}],\"Version\":\"2012-10-17\"}",
            "policy_id": "ANPAYRRXKN3OCHS3AS6DS",
            "tags": {},
            "tags_all": {}
          },
          "sensitive_attributes": [],
          "identity_schema_version": 0,
          "identity": {
            "arn": "arn:aws:iam::587452804828:policy/portfolio-views-lambda-dynamodb"
          },
          "private": "bnVsbA=="
        }
      ]
    },
    {
      "mode": "managed",
      "type": "aws_iam_role",
      "name": "iam_for_lambda",
      "provider": "provider[\"registry.terraform.io/hashicorp/aws\"]",
      "instances": [
        {
          "schema_version": 0,
          "attributes": {
            "arn": "arn:aws:iam::587452804828:role/iam_for_lambda",
            "assume_role_policy": "{\"Statement\":[{\"Action\":\"sts:AssumeRole\",\"Effect\":\"Allow\",\"Principal\":{\"Service\":\"lambda.amazonaws.com\"},\"Sid\":\"\"}],\"Version\":\"2012-10-17\"}",
            "create_date": "2025-08-13T19:25:26Z",
            "description": "",
            "force_detach_policies": false,
            "id": "iam_for_lambda",
            "inline_policy": [],
            "managed_policy_arns": [
              "arn:aws:iam::587452804828:policy/portfolio-views-lambda-dynamodb",
              "arn:aws:iam::aws:policy/service-role/AWSLambdaBasicExecutionRole"
            ],
            "max_session_duration": 3600,
            "name": "iam_for_lambda",
            "name_prefix": "",
            "path": "/",
            "permissions_boundary": "",
            "tags": {},
            "tags_all": {},
            "unique_id": "AROAYRRXKN3ODSFOP3BRB"
          },
          "sensitive_attributes": [],
          "identity_schema_version": 0,
          "identity": {
            "account_id": "587452804828",
            "name": "iam_for_lambda"
          },
          "private": "bnVsbA=="
        }
      ]
    },
    {
      "mode": "managed",
      "type": "aws_iam_role_policy_attachment",
      "name": "lambda_access_to_dynamodb",
      "provider": "provider[\"registry.terraform.io/hashicorp/aws\"]",
      "instances": [
        {
          "schema_version": 0,
          "attributes": {
            "id": "iam_for_lambda/arn:aws:iam::587452804828:policy/portfolio-views-lambda-dynamodb",
            "policy_arn": "arn:aws:iam::587452804828:policy/portfolio-views-lambda-dynamodb",
            "role": "iam_for_lambda"
          },
          "sensitive_attributes": [],
          "identity_schema_version": 0,
          "identity": {
            "account_id": "587452804828",
            "policy_arn": "arn:aws:iam::587452804828:policy/portfolio-views-lambda-dynamodb",
            "role": "iam_for_lambda"
          },
          "private": "bnVsbA==",
          "dependencies": [
            "aws_iam_policy.ddb",
            "aws_iam_role.iam_for_lambda"
          ]
        }
      ]
    },
    {
      "mode": "managed",
      "type": "aws_iam_role_policy_attachment",
      "name": "lambda_logs",
      "provider": "provider[\"registry.terraform.io/hashicorp/aws\"]",
      "instances": [
        {
          "schema_version": 0,
          "attributes": {
            "id": "iam_for_lambda/arn:aws:iam::aws:policy/service-role/AWSLambdaBasicExecutionRole",
            "policy_arn": "arn:aws:iam::aws:policy/service-role/AWSLambdaBasicExecutionRole",
            "role": "iam_for_lambda"
          },
          "sensitive_attributes": [],
          "identity_schema_version": 0,
          "identity": {
            "account_id": "587452804828",
            "policy_arn": "arn:aws:iam::aws:policy/service-role/AWSLambdaBasicExecutionRole",
            "role": "iam_for_lambda"
          },
          "private": "bnVsbA==",
          "dependencies": [
            "aws_iam_role.iam_for_lambda"
          ]
        }
      ]
    },
    {
      "mode": "managed",
      "type": "aws_lambda_function",
      "name": "inc_views_func",
      "provider": "provider[\"registry.terraform.io/hashicorp/aws\"]",
      "instances": [
        {
          "schema_version": 0,
          "attributes": {
            "architectures": [
              "x86_64"
            ],
            "arn": "arn:aws:lambda:eu-north-1:587452804828:function:inc-portfolio-views-func",
            "code_sha256": "fr5i9zR8xjBaJ/CFJYQ3Y3Mz02nZamGxmvaS5WY6BFQ=",
            "code_signing_config_arn": "",
            "dead_letter_config": [],
            "description": "",
            "environment": [],
            "ephemeral_storage": [
              {
                "size": 512
              }
            ],
            "file_system_config": [],
            "filename": "./lambda/packedlambda.zip",
            "function_name": "inc-portfolio-views-func",
            "handler": "inc_views.lambda_handler",
            "id": "inc-portfolio-views-func",
            "image_config": [],
            "image_uri": "",
            "invoke_arn": "arn:aws:apigateway:eu-north-1:lambda:path/2015-03-31/functions/arn:aws:lambda:eu-north-1:587452804828:function:inc-portfolio-views-func/invocations",
            "kms_key_arn": "",
            "last_modified": "2025-08-13T19:40:42.000+0000",
            "layers": [],
            "logging_config": [
              {
                "application_log_level": "",
                "log_format": "Text",
                "log_group": "/aws/lambda/inc-portfolio-views-func",
                "system_log_level": ""
              }
            ],
            "memory_size": 128,
            "package_type": "Zip",
            "publish": false,
            "qualified_arn": "arn:aws:lambda:eu-north-1:587452804828:function:inc-portfolio-views-func:$LATEST",
            "qualified_invoke_arn": "arn:aws:apigateway:eu-north-1:lambda:path/2015-03-31/functions/arn:aws:lambda:eu-north-1:587452804828:function:inc-portfolio-views-func:$LATEST/invocations",
            "region": "eu-north-1",
            "replace_security_groups_on_destroy": null,
            "replacement_security_group_ids": null,
            "reserved_concurrent_executions": -1,
            "role": "arn:aws:iam::587452804828:role/iam_for_lambda",
            "runtime": "python3.11",
            "s3_bucket": null,
            "s3_key": null,
            "s3_object_version": null,
            "signing_job_arn": "",
            "signing_profile_version_arn": "",
            "skip_destroy": false,
            "snap_start": [],
            "source_code_hash": "fr5i9zR8xjBaJ/CFJYQ3Y3Mz02nZamGxmvaS5WY6BFQ=",
            "source_code_size": 456,
            "tags": {},
            "tags_all": {},
            "timeout": 3,
            "timeouts": null,
            "tracing_config": [
              {
                "mode": "PassThrough"
              }
            ],
            "version": "$LATEST",
            "vpc_config": []
          },
          "sensitive_attributes": [],
          "identity_schema_version": 0,
          "private": "eyJlMmJmYjczMC1lY2FhLTExZTYtOGY4OC0zNDM2M2JjN2M0YzAiOnsiY3JlYXRlIjo2MDAwMDAwMDAwMDAsImRlbGV0ZSI6NjAwMDAwMDAwMDAwLCJ1cGRhdGUiOjYwMDAwMDAwMDAwMH19",
          "dependencies": [
            "aws_iam_role.iam_for_lambda",
            "data.archive_file.package_lambda_function_code"
          ]
        }
      ]
    },
    {
      "mode": "managed",
      "type": "aws_lambda_function_url",
      "name": "inc_views_func_url",
      "provider": "provider[\"registry.terraform.io/hashicorp/aws\"]",
      "instances": [
        {
          "schema_version": 0,
          "attributes": {
            "authorization_type": "NONE",
            "cors": [
              {
                "allow_credentials": true,
                "allow_headers": [
                  "date",
                  "keep-alive"
                ],
                "allow_methods": [
                  "GET"
                ],
                "allow_origins": [
                  "http://localhost:3000",
                  "https://urveshbogun.com",
                  "https://www.urveshbogun.com"
                ],
                "expose_headers": [
                  "date",
                  "keep-alive"
                ],
                "max_age": 86400
              }
            ],
            "function_arn": "arn:aws:lambda:eu-north-1:587452804828:function:inc-portfolio-views-func",
            "function_name": "inc-portfolio-views-func",
            "function_url": "https://7cucuf7ztpj5fsdilvkoyvuamm0qrmeo.lambda-url.eu-north-1.on.aws/",
            "id": "inc-portfolio-views-func",
            "invoke_mode": "BUFFERED",
            "qualifier": "",
            "region": "eu-north-1",
            "timeouts": null,
            "url_id": "7cucuf7ztpj5fsdilvkoyvuamm0qrmeo"
          },
          "sensitive_attributes": [],
          "identity_schema_version": 0,
          "private": "eyJlMmJmYjczMC1lY2FhLTExZTYtOGY4OC0zNDM2M2JjN2M0YzAiOnsiY3JlYXRlIjo2MDAwMDAwMDAwMDB9fQ==",
          "dependencies": [
            "aws_iam_role.iam_for_lambda",
            "aws_lambda_function.inc_views_func",
            "data.archive_file.package_lambda_function_code"
          ]
        }
      ]
    },
    {
      "mode": "managed",
      "type": "aws_lambda_permission",
      "name": "allow_public_invoke_url",
      "provider": "provider[\"registry.terraform.io/hashicorp/aws\"]",
      "instances": [
        {
          "schema_version": 0,
          "attributes": {
            "action": "lambda:InvokeFunctionUrl",
            "event_source_token": "",
            "function_name": "inc-portfolio-views-func",
            "function_url_auth_type": "NONE",
            "id": "FunctionURLAllowPublic",
            "principal": "*",
            "principal_org_id": "",
            "qualifier": "",
            "region": "eu-north-1",
            "source_account": "",
            "source_arn": null,
            "statement_id": "FunctionURLAllowPublic",
            "statement_id_prefix": ""
          },
          "sensitive_attributes": [],
          "identity_schema_version": 0,
          "private": "bnVsbA==",
          "dependencies": [
            "aws_iam_role.iam_for_lambda",
            "aws_lambda_function.inc_views_func",
            "aws_lambda_function_url.inc_views_func_url",
            "data.archive_file.package_lambda_function_code"
          ]
        }
      ]
    }
  ],
  "check_results": null
}
